// !$*UTF8*$!
{
	archiveVersion = 1;
	classes = {
	};
	objectVersion = 46;
	objects = {

/* Begin PBXBuildFile section */
		9F757D0F1A055E0100BA2912 /* main.m in Sources */ = {isa = PBXBuildFile; fileRef = 9F757D0E1A055E0100BA2912 /* main.m */; };
		9F757D121A055E0100BA2912 /* AppDelegate.m in Sources */ = {isa = PBXBuildFile; fileRef = 9F757D111A055E0100BA2912 /* AppDelegate.m */; };
		9F757D151A055E0100BA2912 /* LookCast.xcdatamodeld in Sources */ = {isa = PBXBuildFile; fileRef = 9F757D131A055E0100BA2912 /* LookCast.xcdatamodeld */; };
		9F757D181A055E0100BA2912 /* ViewController.m in Sources */ = {isa = PBXBuildFile; fileRef = 9F757D171A055E0100BA2912 /* ViewController.m */; };
		9F757D1B1A055E0100BA2912 /* Main.storyboard in Resources */ = {isa = PBXBuildFile; fileRef = 9F757D191A055E0100BA2912 /* Main.storyboard */; };
		9F757D1D1A055E0100BA2912 /* Images.xcassets in Resources */ = {isa = PBXBuildFile; fileRef = 9F757D1C1A055E0100BA2912 /* Images.xcassets */; };
		9F757D201A055E0100BA2912 /* LaunchScreen.xib in Resources */ = {isa = PBXBuildFile; fileRef = 9F757D1E1A055E0100BA2912 /* LaunchScreen.xib */; };
		9F757D2C1A055E0100BA2912 /* LookCastTests.m in Sources */ = {isa = PBXBuildFile; fileRef = 9F757D2B1A055E0100BA2912 /* LookCastTests.m */; };
/* End PBXBuildFile section */

/* Begin PBXContainerItemProxy section */
		9F757D261A055E0100BA2912 /* PBXContainerItemProxy */ = {
			isa = PBXContainerItemProxy;
			containerPortal = 9F757D011A055E0100BA2912 /* Project object */;
			proxyType = 1;
			remoteGlobalIDString = 9F757D081A055E0100BA2912;
			remoteInfo = LookCast;
		};
/* End PBXContainerItemProxy section */

/* Begin PBXFileReference section */
		9F757D091A055E0100BA2912 /* LookCast.app */ = {isa = PBXFileReference; explicitFileType = wrapper.application; includeInIndex = 0; path = LookCast.app; sourceTree = BUILT_PRODUCTS_DIR; };
		9F757D0D1A055E0100BA2912 /* Info.plist */ = {isa = PBXFileReference; lastKnownFileType = text.plist.xml; path = Info.plist; sourceTree = "<group>"; };
		9F757D0E1A055E0100BA2912 /* main.m */ = {isa = PBXFileReference; lastKnownFileType = sourcecode.c.objc; path = main.m; sourceTree = "<group>"; };
		9F757D101A055E0100BA2912 /* AppDelegate.h */ = {isa = PBXFileReference; lastKnownFileType = sourcecode.c.h; path = AppDelegate.h; sourceTree = "<group>"; };
		9F757D111A055E0100BA2912 /* AppDelegate.m */ = {isa = PBXFileReference; lastKnownFileType = sourcecode.c.objc; path = AppDelegate.m; sourceTree = "<group>"; };
		9F757D141A055E0100BA2912 /* LookCast.xcdatamodel */ = {isa = PBXFileReference; lastKnownFileType = wrapper.xcdatamodel; path = LookCast.xcdatamodel; sourceTree = "<group>"; };
		9F757D161A055E0100BA2912 /* ViewController.h */ = {isa = PBXFileReference; lastKnownFileType = sourcecode.c.h; path = ViewController.h; sourceTree = "<group>"; };
		9F757D171A055E0100BA2912 /* ViewController.m */ = {isa = PBXFileReference; lastKnownFileType = sourcecode.c.objc; path = ViewController.m; sourceTree = "<group>"; };
		9F757D1A1A055E0100BA2912 /* Base */ = {isa = PBXFileReference; lastKnownFileType = file.storyboard; name = Base; path = Base.lproj/Main.storyboard; sourceTree = "<group>"; };
		9F757D1C1A055E0100BA2912 /* Images.xcassets */ = {isa = PBXFileReference; lastKnownFileType = folder.assetcatalog; path = Images.xcassets; sourceTree = "<group>"; };
		9F757D1F1A055E0100BA2912 /* Base */ = {isa = PBXFileReference; lastKnownFileType = file.xib; name = Base; path = Base.lproj/LaunchScreen.xib; sourceTree = "<group>"; };
		9F757D251A055E0100BA2912 /* LookCastTests.xctest */ = {isa = PBXFileReference; explicitFileType = wrapper.cfbundle; includeInIndex = 0; path = LookCastTests.xctest; sourceTree = BUILT_PRODUCTS_DIR; };
		9F757D2A1A055E0100BA2912 /* Info.plist */ = {isa = PBXFileReference; lastKnownFileType = text.plist.xml; path = Info.plist; sourceTree = "<group>"; };
		9F757D2B1A055E0100BA2912 /* LookCastTests.m */ = {isa = PBXFileReference; lastKnownFileType = sourcecode.c.objc; path = LookCastTests.m; sourceTree = "<group>"; };
/* End PBXFileReference section */

/* Begin PBXFrameworksBuildPhase section */
		9F757D061A055E0100BA2912 /* Frameworks */ = {
			isa = PBXFrameworksBuildPhase;
			buildActionMask = 2147483647;
			files = (
			);
			runOnlyForDeploymentPostprocessing = 0;
		};
		9F757D221A055E0100BA2912 /* Frameworks */ = {
			isa = PBXFrameworksBuildPhase;
			buildActionMask = 2147483647;
			files = (
			);
			runOnlyForDeploymentPostprocessing = 0;
		};
/* End PBXFrameworksBuildPhase section */

/* Begin PBXGroup section */
		9F757D001A055E0100BA2912 = {
			isa = PBXGroup;
			children = (
				9F757D0B1A055E0100BA2912 /* LookCast */,
				9F757D281A055E0100BA2912 /* LookCastTests */,
				9F757D0A1A055E0100BA2912 /* Products */,
			);
			sourceTree = "<group>";
		};
		9F757D0A1A055E0100BA2912 /* Products */ = {
			isa = PBXGroup;
			children = (
				9F757D091A055E0100BA2912 /* LookCast.app */,
				9F757D251A055E0100BA2912 /* LookCastTests.xctest */,
			);
			name = Products;
			sourceTree = "<group>";
		};
		9F757D0B1A055E0100BA2912 /* LookCast */ = {
			isa = PBXGroup;
			children = (
				9F757D101A055E0100BA2912 /* AppDelegate.h */,
				9F757D111A055E0100BA2912 /* AppDelegate.m */,
				9F757D161A055E0100BA2912 /* ViewController.h */,
				9F757D171A055E0100BA2912 /* ViewController.m */,
				9F757D191A055E0100BA2912 /* Main.storyboard */,
				9F757D1C1A055E0100BA2912 /* Images.xcassets */,
				9F757D1E1A055E0100BA2912 /* LaunchScreen.xib */,
				9F757D131A055E0100BA2912 /* LookCast.xcdatamodeld */,
				9F757D0C1A055E0100BA2912 /* Supporting Files */,
			);
			path = LookCast;
			sourceTree = "<group>";
		};
		9F757D0C1A055E0100BA2912 /* Supporting Files */ = {
			isa = PBXGroup;
			children = (
				9F757D0D1A055E0100BA2912 /* Info.plist */,
				9F757D0E1A055E0100BA2912 /* main.m */,
			);
			name = "Supporting Files";
			sourceTree = "<group>";
		};
		9F757D281A055E0100BA2912 /* LookCastTests */ = {
			isa = PBXGroup;
			children = (
				9F757D2B1A055E0100BA2912 /* LookCastTests.m */,
				9F757D291A055E0100BA2912 /* Supporting Files */,
			);
			path = LookCastTests;
			sourceTree = "<group>";
		};
		9F757D291A055E0100BA2912 /* Supporting Files */ = {
			isa = PBXGroup;
			children = (
				9F757D2A1A055E0100BA2912 /* Info.plist */,
			);
			name = "Supporting Files";
			sourceTree = "<group>";
		};
/* End PBXGroup section */

/* Begin PBXNativeTarget section */
		9F757D081A055E0100BA2912 /* LookCast */ = {
			isa = PBXNativeTarget;
			buildConfigurationList = 9F757D2F1A055E0100BA2912 /* Build configuration list for PBXNativeTarget "LookCast" */;
			buildPhases = (
				9F757D051A055E0100BA2912 /* Sources */,
				9F757D061A055E0100BA2912 /* Frameworks */,
				9F757D071A055E0100BA2912 /* Resources */,
			);
			buildRules = (
			);
			dependencies = (
			);
			name = LookCast;
			productName = LookCast;
			productReference = 9F757D091A055E0100BA2912 /* LookCast.app */;
			productType = "com.apple.product-type.application";
		};
		9F757D241A055E0100BA2912 /* LookCastTests */ = {
			isa = PBXNativeTarget;
			buildConfigurationList = 9F757D321A055E0100BA2912 /* Build configuration list for PBXNativeTarget "LookCastTests" */;
			buildPhases = (
				9F757D211A055E0100BA2912 /* Sources */,
				9F757D221A055E0100BA2912 /* Frameworks */,
				9F757D231A055E0100BA2912 /* Resources */,
			);
			buildRules = (
			);
			dependencies = (
				9F757D271A055E0100BA2912 /* PBXTargetDependency */,
			);
			name = LookCastTests;
			productName = LookCastTests;
			productReference = 9F757D251A055E0100BA2912 /* LookCastTests.xctest */;
			productType = "com.apple.product-type.bundle.unit-test";
		};
/* End PBXNativeTarget section */

/* Begin PBXProject section */
		9F757D011A055E0100BA2912 /* Project object */ = {
			isa = PBXProject;
			attributes = {
				LastUpgradeCheck = 0610;
				ORGANIZATIONNAME = siyao;
				TargetAttributes = {
					9F757D081A055E0100BA2912 = {
						CreatedOnToolsVersion = 6.1;
					};
					9F757D241A055E0100BA2912 = {
						CreatedOnToolsVersion = 6.1;
						TestTargetID = 9F757D081A055E0100BA2912;
					};
				};
			};
			buildConfigurationList = 9F757D041A055E0100BA2912 /* Build configuration list for PBXProject "LookCast" */;
			compatibilityVersion = "Xcode 3.2";
			developmentRegion = English;
			hasScannedForEncodings = 0;
			knownRegions = (
				en,
				Base,
			);
			mainGroup = 9F757D001A055E0100BA2912;
			productRefGroup = 9F757D0A1A055E0100BA2912 /* Products */;
			projectDirPath = "";
			projectRoot = "";
			targets = (
				9F757D081A055E0100BA2912 /* LookCast */,
				9F757D241A055E0100BA2912 /* LookCastTests */,
			);
		};
/* End PBXProject section */

/* Begin PBXResourcesBuildPhase section */
		9F757D071A055E0100BA2912 /* Resources */ = {
			isa = PBXResourcesBuildPhase;
			buildActionMask = 2147483647;
			files = (
				9F757D1B1A055E0100BA2912 /* Main.storyboard in Resources */,
				9F757D201A055E0100BA2912 /* LaunchScreen.xib in Resources */,
				9F757D1D1A055E0100BA2912 /* Images.xcassets in Resources */,
			);
			runOnlyForDeploymentPostprocessing = 0;
		};
		9F757D231A055E0100BA2912 /* Resources */ = {
			isa = PBXResourcesBuildPhase;
			buildActionMask = 2147483647;
			files = (
			);
			runOnlyForDeploymentPostprocessing = 0;
		};
/* End PBXResourcesBuildPhase section */

/* Begin PBXSourcesBuildPhase section */
		9F757D051A055E0100BA2912 /* Sources */ = {
			isa = PBXSourcesBuildPhase;
			buildActionMask = 2147483647;
			files = (
				9F757D121A055E0100BA2912 /* AppDelegate.m in Sources */,
				9F757D0F1A055E0100BA2912 /* main.m in Sources */,
				9F757D181A055E0100BA2912 /* ViewController.m in Sources */,
				9F757D151A055E0100BA2912 /* LookCast.xcdatamodeld in Sources */,
			);
			runOnlyForDeploymentPostprocessing = 0;
		};
		9F757D211A055E0100BA2912 /* Sources */ = {
			isa = PBXSourcesBuildPhase;
			buildActionMask = 2147483647;
			files = (
				9F757D2C1A055E0100BA2912 /* LookCastTests.m in Sources */,
			);
			runOnlyForDeploymentPostprocessing = 0;
		};
/* End PBXSourcesBuildPhase section */

/* Begin PBXTargetDependency section */
		9F757D271A055E0100BA2912 /* PBXTargetDependency */ = {
			isa = PBXTargetDependency;
			target = 9F757D081A055E0100BA2912 /* LookCast */;
			targetProxy = 9F757D261A055E0100BA2912 /* PBXContainerItemProxy */;
		};
/* End PBXTargetDependency section */

/* Begin PBXVariantGroup section */
		9F757D191A055E0100BA2912 /* Main.storyboard */ = {
			isa = PBXVariantGroup;
			children = (
				9F757D1A1A055E0100BA2912 /* Base */,
			);
			name = Main.storyboard;
			sourceTree = "<group>";
		};
		9F757D1E1A055E0100BA2912 /* LaunchScreen.xib */ = {
			isa = PBXVariantGroup;
			children = (
				9F757D1F1A055E0100BA2912 /* Base */,
			);
			name = LaunchScreen.xib;
			sourceTree = "<group>";
		};
/* End PBXVariantGroup section */

/* Begin XCBuildConfiguration section */
		9F757D2D1A055E0100BA2912 /* Debug */ = {
			isa = XCBuildConfiguration;
			buildSettings = {
				ALWAYS_SEARCH_USER_PATHS = NO;
				CLANG_CXX_LANGUAGE_STANDARD = "gnu++0x";
				CLANG_CXX_LIBRARY = "libc++";
				CLANG_ENABLE_MODULES = YES;
				CLANG_ENABLE_OBJC_ARC = YES;
				CLANG_WARN_BOOL_CONVERSION = YES;
				CLANG_WARN_CONSTANT_CONVERSION = YES;
				CLANG_WARN_DIRECT_OBJC_ISA_USAGE = YES_ERROR;
				CLANG_WARN_EMPTY_BODY = YES;
				CLANG_WARN_ENUM_CONVERSION = YES;
				CLANG_WARN_INT_CONVERSION = YES;
				CLANG_WARN_OBJC_ROOT_CLASS = YES_ERROR;
				CLANG_WARN_UNREACHABLE_CODE = YES;
				CLANG_WARN__DUPLICATE_METHOD_MATCH = YES;
				"CODE_SIGN_IDENTITY[sdk=iphoneos*]" = "iPhone Developer";
				COPY_PHASE_STRIP = NO;
				ENABLE_STRICT_OBJC_MSGSEND = YES;
				GCC_C_LANGUAGE_STANDARD = gnu99;
				GCC_DYNAMIC_NO_PIC = NO;
				GCC_OPTIMIZATION_LEVEL = 0;
				GCC_PREPROCESSOR_DEFINITIONS = (
					"DEBUG=1",
					"$(inherited)",
				);
				GCC_SYMBOLS_PRIVATE_EXTERN = NO;
				GCC_WARN_64_TO_32_BIT_CONVERSION = YES;
				GCC_WARN_ABOUT_RETURN_TYPE = YES_ERROR;
				GCC_WARN_UNDECLARED_SELECTOR = YES;
				GCC_WARN_UNINITIALIZED_AUTOS = YES_AGGRESSIVE;
				GCC_WARN_UNUSED_FUNCTION = YES;
				GCC_WARN_UNUSED_VARIABLE = YES;
				IPHONEOS_DEPLOYMENT_TARGET = 8.1;
				MTL_ENABLE_DEBUG_INFO = YES;
				ONLY_ACTIVE_ARCH = YES;
				SDKROOT = iphoneos;
			};
			name = Debug;
		};
		9F757D2E1A055E0100BA2912 /* Release */ = {
			isa = XCBuildConfiguration;
			buildSettings = {
				ALWAYS_SEARCH_USER_PATHS = NO;
				CLANG_CXX_LANGUAGE_STANDARD = "gnu++0x";
				CLANG_CXX_LIBRARY = "libc++";
				CLANG_ENABLE_MODULES = YES;
				CLANG_ENABLE_OBJC_ARC = YES;
				CLANG_WARN_BOOL_CONVERSION = YES;
				CLANG_WARN_CONSTANT_CONVERSION = YES;
				CLANG_WARN_DIRECT_OBJC_ISA_USAGE = YES_ERROR;
				CLANG_WARN_EMPTY_BODY = YES;
				CLANG_WARN_ENUM_CONVERSION = YES;
				CLANG_WARN_INT_CONVERSION = YES;
				CLANG_WARN_OBJC_ROOT_CLASS = YES_ERROR;
				CLANG_WARN_UNREACHABLE_CODE = YES;
				CLANG_WARN__DUPLICATE_METHOD_MATCH = YES;
				"CODE_SIGN_IDENTITY[sdk=iphoneos*]" = "iPhone Developer";
				COPY_PHASE_STRIP = YES;
				ENABLE_NS_ASSERTIONS = NO;
				ENABLE_STRICT_OBJC_MSGSEND = YES;
				GCC_C_LANGUAGE_STANDARD = gnu99;
				GCC_WARN_64_TO_32_BIT_CONVERSION = YES;
				GCC_WARN_ABOUT_RETURN_TYPE = YES_ERROR;
				GCC_WARN_UNDECLARED_SELECTOR = YES;
				GCC_WARN_UNINITIALIZED_AUTOS = YES_AGGRESSIVE;
				GCC_WARN_UNUSED_FUNCTION = YES;
				GCC_WARN_UNUSED_VARIABLE = YES;
				IPHONEOS_DEPLOYMENT_TARGET = 8.1;
				MTL_ENABLE_DEBUG_INFO = NO;
				SDKROOT = iphoneos;
				VALIDATE_PRODUCT = YES;
			};
			name = Release;
		};
		9F757D301A055E0100BA2912 /* Debug */ = {
			isa = XCBuildConfiguration;
			buildSettings = {
				ASSETCATALOG_COMPILER_APPICON_NAME = AppIcon;
				INFOPLIST_FILE = LookCast/Info.plist;
				LD_RUNPATH_SEARCH_PATHS = "$(inherited) @executable_path/Frameworks";
				PRODUCT_NAME = "$(TARGET_NAME)";
			};
			name = Debug;
		};
		9F757D311A055E0100BA2912 /* Release */ = {
			isa = XCBuildConfiguration;
			buildSettings = {
				ASSETCATALOG_COMPILER_APPICON_NAME = AppIcon;
				INFOPLIST_FILE = LookCast/Info.plist;
				LD_RUNPATH_SEARCH_PATHS = "$(inherited) @executable_path/Frameworks";
				PRODUCT_NAME = "$(TARGET_NAME)";
			};
			name = Release;
		};
		9F757D331A055E0100BA2912 /* Debug */ = {
			isa = XCBuildConfiguration;
			buildSettings = {
				BUNDLE_LOADER = "$(TEST_HOST)";
				FRAMEWORK_SEARCH_PATHS = (
					"$(SDKROOT)/Developer/Library/Frameworks",
					"$(inherited)",
				);
				GCC_PREPROCESSOR_DEFINITIONS = (
					"DEBUG=1",
					"$(inherited)",
				);
				INFOPLIST_FILE = LookCastTests/Info.plist;
				LD_RUNPATH_SEARCH_PATHS = "$(inherited) @executable_path/Frameworks @loader_path/Frameworks";
				PRODUCT_NAME = "$(TARGET_NAME)";
				TEST_HOST = "$(BUILT_PRODUCTS_DIR)/LookCast.app/LookCast";
			};
			name = Debug;
		};
		9F757D341A055E0100BA2912 /* Release */ = {
			isa = XCBuildConfiguration;
			buildSettings = {
				BUNDLE_LOADER = "$(TEST_HOST)";
				FRAMEWORK_SEARCH_PATHS = (
					"$(SDKROOT)/Developer/Library/Frameworks",
					"$(inherited)",
				);
				INFOPLIST_FILE = LookCastTests/Info.plist;
				LD_RUNPATH_SEARCH_PATHS = "$(inherited) @executable_path/Frameworks @loader_path/Frameworks";
				PRODUCT_NAME = "$(TARGET_NAME)";
				TEST_HOST = "$(BUILT_PRODUCTS_DIR)/LookCast.app/LookCast";
			};
			name = Release;
		};
/* End XCBuildConfiguration section */

/* Begin XCConfigurationList section */
		9F757D041A055E0100BA2912 /* Build configuration list for PBXProject "LookCast" */ = {
			isa = XCConfigurationList;
			buildConfigurations = (
				9F757D2D1A055E0100BA2912 /* Debug */,
				9F757D2E1A055E0100BA2912 /* Release */,
			);
			defaultConfigurationIsVisible = 0;
			defaultConfigurationName = Release;
		};
		9F757D2F1A055E0100BA2912 /* Build configuration list for PBXNativeTarget "LookCast" */ = {
			isa = XCConfigurationList;
			buildConfigurations = (
				9F757D301A055E0100BA2912 /* Debug */,
				9F757D311A055E0100BA2912 /* Release */,
			);
			defaultConfigurationIsVisible = 0;
		};
		9F757D321A055E0100BA2912 /* Build configuration list for PBXNativeTarget "LookCastTests" */ = {
			isa = XCConfigurationList;
			buildConfigurations = (
				9F757D331A055E0100BA2912 /* Debug */,
				9F757D341A055E0100BA2912 /* Release */,
			);
			defaultConfigurationIsVisible = 0;
		};
/* End XCConfigurationList section */

/* Begin XCVersionGroup section */
		9F757D131A055E0100BA2912 /* LookCast.xcdatamodeld */ = {
			isa = XCVersionGroup;
			children = (
				9F757D141A055E0100BA2912 /* LookCast.xcdatamodel */,
			);
			currentVersion = 9F757D141A055E0100BA2912 /* LookCast.xcdatamodel */;
			path = LookCast.xcdatamodeld;
			sourceTree = "<group>";
			versionGroupType = wrapper.xcdatamodel;
		};
/* End XCVersionGroup section */
	};
	rootObject = 9F757D011A055E0100BA2912 /* Project object */;
}
